<?xml version="1.0" encoding="UTF-8" standalone="yes" ?>
<CodeBlocks_project_file>
	<FileVersion major="1" minor="6" />
	<Project>
		<Option title="SimpleVoxelEngine" />
		<Option pch_mode="2" />
		<Option compiler="gcc" />
		<Build>
			<Target title="Debug">
				<Option output="../lib/Debug/SimpleVoxelEngine" prefix_auto="1" extension_auto="1" />
				<Option working_dir="" />
				<Option object_output="obj/Debug/" />
				<Option type="2" />
				<Option compiler="gcc" />
				<Compiler>
					<Add option="-g" />
				</Compiler>
			</Target>
			<Target title="Release">
				<Option output="../lib/Release/SimpleVoxelEngine" prefix_auto="1" extension_auto="1" />
				<Option working_dir="" />
				<Option object_output="obj/Release/" />
				<Option type="2" />
				<Option compiler="gcc" />
				<Compiler>
					<Add option="-O2" />
				</Compiler>
				<Linker>
					<Add option="-s" />
				</Linker>
			</Target>
		</Build>
		<Compiler>
			<Add option="-std=c++11" />
			<Add option="-Wall" />
			<Add option="-D_LINUX_" />
			<Add directory="../include" />
		</Compiler>
		<Unit filename="../include/ARGBColorVoxel.h" />
		<Unit filename="../include/Additional/ARGBColor.h" />
		<Unit filename="../include/Additional/Vector3d.h" />
		<Unit filename="../include/ChunkVoxelObject.h" />
		<Unit filename="../include/ChunksSaveLoadController.h" />
		<Unit filename="../include/Defines.h" />
		<Unit filename="../include/Engine.h" />
		<Unit filename="../include/IniParser/ParserInfoFile.h" />
		<Unit filename="../include/IniParser/PostParsingStruct.h" />
		<Unit filename="../include/Logger.h" />
		<Unit filename="../include/OtherVoxelInfo.h" />
		<Unit filename="../include/SimpleVoxelEngine.h" />
		<Unit filename="../include/SimpleVoxelObject.h" />
		<Unit filename="../include/SimpleVoxelObjectTransparentTester.h" />
		<Unit filename="../include/VoxelAddress.h" />
		<Unit filename="../include/VoxelForRendering.h" />
		<Unit filename="../include/VoxelInfo.h" />
		<Unit filename="../include/VoxelsForRendering.h" />
		<Unit filename="../include/WorkFunction.h" />
		<Unit filename="../include/World.h" />
		<Unit filename="../include/WorldGenerator.h" />
		<Unit filename="ARGBColorVoxel.cpp" />
		<Unit filename="Additional/ARGBColor.cpp" />
		<Unit filename="ChunkVoxelObject.cpp" />
		<Unit filename="ChunksSaveLoadController.cpp" />
		<Unit filename="Engine.cpp" />
		<Unit filename="IniParser/ParserInfoFile.cpp" />
		<Unit filename="IniParser/PostParsingStruct.cpp" />
		<Unit filename="Logger.cpp" />
		<Unit filename="OtherVoxelInfo.cpp" />
		<Unit filename="SimpleVoxelObject.cpp" />
		<Unit filename="SimpleVoxelObjectTransparentTester.cpp" />
		<Unit filename="VoxelAddress.cpp" />
		<Unit filename="VoxelForRendering.cpp" />
		<Unit filename="VoxelsForRendering.cpp" />
		<Unit filename="WorkFunction.cpp" />
		<Unit filename="World.cpp" />
		<Unit filename="WorldGenerator.cpp" />
		<Extensions>
			<code_completion />
			<envvars />
			<debugger />
			<lib_finder disable_auto="1" />
		</Extensions>
	</Project>
</CodeBlocks_project_file>
