<?xml version="1.0" encoding="UTF-8" standalone="yes" ?>
<CodeBlocks_project_file>
	<FileVersion major="1" minor="6" />
	<Project>
		<Option title="IrrSimpleVoxelEngine" />
		<Option pch_mode="2" />
		<Option compiler="gcc" />
		<MakeCommands>
			<Build command="" />
			<CompileFile command="" />
			<Clean command="" />
			<DistClean command="" />
			<AskRebuildNeeded command="" />
			<SilentBuild command=" &gt; $(CMD_NULL)" />
		</MakeCommands>
		<Build>
			<Target title="Debug">
				<Option output="../lib/Debug/IrrSimpleVoxelEngine" prefix_auto="1" extension_auto="1" />
				<Option working_dir="" />
				<Option object_output="obj/Debug/" />
				<Option type="2" />
				<Option compiler="gcc" />
				<Compiler>
					<Add option="-g" />
					<Add directory="../../SimpleVoxelEngine/include" />
				</Compiler>
				<Linker>
					<Add library="../../SimpleVoxelEngine/lib/Debug/libSimpleVoxelEngine.a" />
				</Linker>
			</Target>
			<Target title="Release">
				<Option output="../lib/Release/IrrSimpleVoxelEngine" prefix_auto="1" extension_auto="1" />
				<Option working_dir="" />
				<Option object_output="obj/Release/" />
				<Option type="2" />
				<Option compiler="gcc" />
				<Compiler>
					<Add option="-O2" />
					<Add directory="../../SimpleVoxelEngine/include" />
				</Compiler>
				<Linker>
					<Add option="-s" />
					<Add library="../../SimpleVoxelEngine/lib/Release/libSimpleVoxelEngine.a" />
				</Linker>
			</Target>
		</Build>
		<Compiler>
			<Add option="-std=c++11" />
			<Add directory="../../irrlicht-1.8.1/include" />
			<Add directory="../include" />
		</Compiler>
		<Linker>
			<Add library="../../irrlicht-1.8.1/lib/Linux/libIrrlicht.a" />
			<Add library="Xxf86vm" />
			<Add library="GL" />
		</Linker>
		<Unit filename="../include/CBatchingMesh/CBatchingMesh.h" />
		<Unit filename="../include/ChunksMeshBlock.h" />
		<Unit filename="../include/ChunksMeshBlocksController.h" />
		<Unit filename="../include/FactoryChunkMeshSceneNode.h" />
		<Unit filename="../include/IrrSVEDefines.h" />
		<Unit filename="../include/IrrSimpleVoxelEngine.h" />
		<Unit filename="../include/Task.h" />
		<Unit filename="../include/ThreadSafeCounter.h" />
		<Unit filename="../include/ThreadSafeType.h" />
		<Unit filename="../include/ThreadSafeVector.h" />
		<Unit filename="../include/UserControllerForThread.h" />
		<Unit filename="CBatchingMesh/CBatchingMesh.cpp" />
		<Unit filename="ChunksMeshBlock.cpp" />
		<Unit filename="ChunksMeshBlocksController.cpp" />
		<Unit filename="FactoryChunkMeshSceneNode.cpp" />
		<Unit filename="IrrSimpleVoxelEngine.cpp" />
		<Unit filename="UserControllerForThread.cpp" />
		<Extensions>
			<code_completion />
			<envvars />
			<debugger />
			<lib_finder disable_auto="1" />
		</Extensions>
	</Project>
</CodeBlocks_project_file>
